
Microsoft Visual Studio Solution File, Format Version 12.00
# Visual Studio Version 17
VisualStudioVersion = 17.3.32825.248
MinimumVisualStudioVersion = 10.0.40219.1
Project("{FAE04EC0-301F-11D3-BF4B-00C04F79EFBC}") = "firstEF", "firstEF\firstEF.csproj", "{3C429733-FA51-4325-8546-4C4C1194B012}"
EndProject
Global
	GlobalSection(SolutionConfigurationPlatforms) = preSolution
		Debug|Any CPU = Debug|Any CPU
		Release|Any CPU = Release|Any CPU
	EndGlobalSection
	GlobalSection(ProjectConfigurationPlatforms) = postSolution
		{3C429733-FA51-4325-8546-4C4C1194B012}.Debug|Any CPU.ActiveCfg = Debug|Any CPU
		{3C429733-FA51-4325-8546-4C4C1194B012}.Debug|Any CPU.Build.0 = Debug|Any CPU
		{3C429733-FA51-4325-8546-4C4C1194B012}.Release|Any CPU.ActiveCfg = Release|Any CPU
		{3C429733-FA51-4325-8546-4C4C1194B012}.Release|Any CPU.Build.0 = Release|Any CPU
	EndGlobalSection
	GlobalSection(SolutionProperties) = preSolution
		HideSolutionNode = FALSE
	EndGlobalSection
	GlobalSection(ExtensibilityGlobals) = postSolution
		SolutionGuid = {64CCF8ED-30F7-42AB-B996-40AF337D0959}
	EndGlobalSection
EndGlobal
